// !$*UTF8*$!
{
	archiveVersion = 1;
	classes = {
	};
	objectVersion = 56;
	objects = {

/* Begin PBXBuildFile section */
		EBC1F9C729A2529200883D68 /* AddView.swift in Sources */ = {isa = PBXBuildFile; fileRef = EBC1F9C629A2529200883D68 /* AddView.swift */; };
		EBE6148329A100320069CB50 /* TodoApp.swift in Sources */ = {isa = PBXBuildFile; fileRef = EBE6148229A100320069CB50 /* TodoApp.swift */; };
		EBE6148729A100340069CB50 /* Assets.xcassets in Resources */ = {isa = PBXBuildFile; fileRef = EBE6148629A100340069CB50 /* Assets.xcassets */; };
		EBE6148A29A100340069CB50 /* Preview Assets.xcassets in Resources */ = {isa = PBXBuildFile; fileRef = EBE6148929A100340069CB50 /* Preview Assets.xcassets */; };
		EBE6149429A100350069CB50 /* TodoTests.swift in Sources */ = {isa = PBXBuildFile; fileRef = EBE6149329A100350069CB50 /* TodoTests.swift */; };
		EBE6149E29A100350069CB50 /* TodoUITests.swift in Sources */ = {isa = PBXBuildFile; fileRef = EBE6149D29A100350069CB50 /* TodoUITests.swift */; };
		EBE614A029A100350069CB50 /* TodoUITestsLaunchTests.swift in Sources */ = {isa = PBXBuildFile; fileRef = EBE6149F29A100350069CB50 /* TodoUITestsLaunchTests.swift */; };
		EBE614B029A100730069CB50 /* Task.swift in Sources */ = {isa = PBXBuildFile; fileRef = EBE614AF29A100730069CB50 /* Task.swift */; };
		EBE614B229A100D40069CB50 /* MainView.swift in Sources */ = {isa = PBXBuildFile; fileRef = EBE614B129A100D40069CB50 /* MainView.swift */; };
		EBE614B429A100DF0069CB50 /* ListView.swift in Sources */ = {isa = PBXBuildFile; fileRef = EBE614B329A100DF0069CB50 /* ListView.swift */; };
		EBE614B629A1024E0069CB50 /* ToDoViewModel.swift in Sources */ = {isa = PBXBuildFile; fileRef = EBE614B529A1024E0069CB50 /* ToDoViewModel.swift */; };
/* End PBXBuildFile section */

/* Begin PBXContainerItemProxy section */
		EBE6149029A100350069CB50 /* PBXContainerItemProxy */ = {
			isa = PBXContainerItemProxy;
			containerPortal = EBE6147729A100320069CB50 /* Project object */;
			proxyType = 1;
			remoteGlobalIDString = EBE6147E29A100320069CB50;
			remoteInfo = Todo;
		};
		EBE6149A29A100350069CB50 /* PBXContainerItemProxy */ = {
			isa = PBXContainerItemProxy;
			containerPortal = EBE6147729A100320069CB50 /* Project object */;
			proxyType = 1;
			remoteGlobalIDString = EBE6147E29A100320069CB50;
			remoteInfo = Todo;
		};
/* End PBXContainerItemProxy section */

/* Begin PBXFileReference section */
		EBC1F9C629A2529200883D68 /* AddView.swift */ = {isa = PBXFileReference; lastKnownFileType = sourcecode.swift; path = AddView.swift; sourceTree = "<group>"; };
		EBE6147F29A100320069CB50 /* Todo.app */ = {isa = PBXFileReference; explicitFileType = wrapper.application; includeInIndex = 0; path = Todo.app; sourceTree = BUILT_PRODUCTS_DIR; };
		EBE6148229A100320069CB50 /* TodoApp.swift */ = {isa = PBXFileReference; lastKnownFileType = sourcecode.swift; path = TodoApp.swift; sourceTree = "<group>"; };
		EBE6148629A100340069CB50 /* Assets.xcassets */ = {isa = PBXFileReference; lastKnownFileType = folder.assetcatalog; path = Assets.xcassets; sourceTree = "<group>"; };
		EBE6148929A100340069CB50 /* Preview Assets.xcassets */ = {isa = PBXFileReference; lastKnownFileType = folder.assetcatalog; path = "Preview Assets.xcassets"; sourceTree = "<group>"; };
		EBE6148F29A100350069CB50 /* TodoTests.xctest */ = {isa = PBXFileReference; explicitFileType = wrapper.cfbundle; includeInIndex = 0; path = TodoTests.xctest; sourceTree = BUILT_PRODUCTS_DIR; };
		EBE6149329A100350069CB50 /* TodoTests.swift */ = {isa = PBXFileReference; lastKnownFileType = sourcecode.swift; path = TodoTests.swift; sourceTree = "<group>"; };
		EBE6149929A100350069CB50 /* TodoUITests.xctest */ = {isa = PBXFileReference; explicitFileType = wrapper.cfbundle; includeInIndex = 0; path = TodoUITests.xctest; sourceTree = BUILT_PRODUCTS_DIR; };
		EBE6149D29A100350069CB50 /* TodoUITests.swift */ = {isa = PBXFileReference; lastKnownFileType = sourcecode.swift; path = TodoUITests.swift; sourceTree = "<group>"; };
		EBE6149F29A100350069CB50 /* TodoUITestsLaunchTests.swift */ = {isa = PBXFileReference; lastKnownFileType = sourcecode.swift; path = TodoUITestsLaunchTests.swift; sourceTree = "<group>"; };
		EBE614AF29A100730069CB50 /* Task.swift */ = {isa = PBXFileReference; lastKnownFileType = sourcecode.swift; path = Task.swift; sourceTree = "<group>"; };
		EBE614B129A100D40069CB50 /* MainView.swift */ = {isa = PBXFileReference; lastKnownFileType = sourcecode.swift; path = MainView.swift; sourceTree = "<group>"; };
		EBE614B329A100DF0069CB50 /* ListView.swift */ = {isa = PBXFileReference; lastKnownFileType = sourcecode.swift; path = ListView.swift; sourceTree = "<group>"; };
		EBE614B529A1024E0069CB50 /* ToDoViewModel.swift */ = {isa = PBXFileReference; lastKnownFileType = sourcecode.swift; path = ToDoViewModel.swift; sourceTree = "<group>"; };
/* End PBXFileReference section */

/* Begin PBXFrameworksBuildPhase section */
		EBE6147C29A100320069CB50 /* Frameworks */ = {
			isa = PBXFrameworksBuildPhase;
			buildActionMask = 2147483647;
			files = (
			);
			runOnlyForDeploymentPostprocessing = 0;
		};
		EBE6148C29A100350069CB50 /* Frameworks */ = {
			isa = PBXFrameworksBuildPhase;
			buildActionMask = 2147483647;
			files = (
			);
			runOnlyForDeploymentPostprocessing = 0;
		};
		EBE6149629A100350069CB50 /* Frameworks */ = {
			isa = PBXFrameworksBuildPhase;
			buildActionMask = 2147483647;
			files = (
			);
			runOnlyForDeploymentPostprocessing = 0;
		};
/* End PBXFrameworksBuildPhase section */

/* Begin PBXGroup section */
		EBE6147629A100320069CB50 = {
			isa = PBXGroup;
			children = (
				EBE6148129A100320069CB50 /* Todo */,
				EBE6149229A100350069CB50 /* TodoTests */,
				EBE6149C29A100350069CB50 /* TodoUITests */,
				EBE6148029A100320069CB50 /* Products */,
			);
			sourceTree = "<group>";
		};
		EBE6148029A100320069CB50 /* Products */ = {
			isa = PBXGroup;
			children = (
				EBE6147F29A100320069CB50 /* Todo.app */,
				EBE6148F29A100350069CB50 /* TodoTests.xctest */,
				EBE6149929A100350069CB50 /* TodoUITests.xctest */,
			);
			name = Products;
			sourceTree = "<group>";
		};
		EBE6148129A100320069CB50 /* Todo */ = {
			isa = PBXGroup;
			children = (
				EBE614AE29A1005B0069CB50 /* ViewModel */,
				EBE614AD29A100530069CB50 /* Views */,
				EBE614AC29A100400069CB50 /* Models */,
				EBE6148229A100320069CB50 /* TodoApp.swift */,
				EBE6148629A100340069CB50 /* Assets.xcassets */,
				EBE6148829A100340069CB50 /* Preview Content */,
			);
			path = Todo;
			sourceTree = "<group>";
		};
		EBE6148829A100340069CB50 /* Preview Content */ = {
			isa = PBXGroup;
			children = (
				EBE6148929A100340069CB50 /* Preview Assets.xcassets */,
			);
			path = "Preview Content";
			sourceTree = "<group>";
		};
		EBE6149229A100350069CB50 /* TodoTests */ = {
			isa = PBXGroup;
			children = (
				EBE6149329A100350069CB50 /* TodoTests.swift */,
			);
			path = TodoTests;
			sourceTree = "<group>";
		};
		EBE6149C29A100350069CB50 /* TodoUITests */ = {
			isa = PBXGroup;
			children = (
				EBE6149D29A100350069CB50 /* TodoUITests.swift */,
				EBE6149F29A100350069CB50 /* TodoUITestsLaunchTests.swift */,
			);
			path = TodoUITests;
			sourceTree = "<group>";
		};
		EBE614AC29A100400069CB50 /* Models */ = {
			isa = PBXGroup;
			children = (
				EBE614AF29A100730069CB50 /* Task.swift */,
			);
			path = Models;
			sourceTree = "<group>";
		};
		EBE614AD29A100530069CB50 /* Views */ = {
			isa = PBXGroup;
			children = (
				EBE614B129A100D40069CB50 /* MainView.swift */,
				EBE614B329A100DF0069CB50 /* ListView.swift */,
				EBC1F9C629A2529200883D68 /* AddView.swift */,
			);
			path = Views;
			sourceTree = "<group>";
		};
		EBE614AE29A1005B0069CB50 /* ViewModel */ = {
			isa = PBXGroup;
			children = (
				EBE614B529A1024E0069CB50 /* ToDoViewModel.swift */,
			);
			path = ViewModel;
			sourceTree = "<group>";
		};
/* End PBXGroup section */

/* Begin PBXNativeTarget section */
		EBE6147E29A100320069CB50 /* Todo */ = {
			isa = PBXNativeTarget;
			buildConfigurationList = EBE614A329A100350069CB50 /* Build configuration list for PBXNativeTarget "Todo" */;
			buildPhases = (
				EBE6147B29A100320069CB50 /* Sources */,
				EBE6147C29A100320069CB50 /* Frameworks */,
				EBE6147D29A100320069CB50 /* Resources */,
			);
			buildRules = (
			);
			dependencies = (
			);
			name = Todo;
			productName = Todo;
			productReference = EBE6147F29A100320069CB50 /* Todo.app */;
			productType = "com.apple.product-type.application";
		};
		EBE6148E29A100350069CB50 /* TodoTests */ = {
			isa = PBXNativeTarget;
			buildConfigurationList = EBE614A629A100350069CB50 /* Build configuration list for PBXNativeTarget "TodoTests" */;
			buildPhases = (
				EBE6148B29A100350069CB50 /* Sources */,
				EBE6148C29A100350069CB50 /* Frameworks */,
				EBE6148D29A100350069CB50 /* Resources */,
			);
			buildRules = (
			);
			dependencies = (
				EBE6149129A100350069CB50 /* PBXTargetDependency */,
			);
			name = TodoTests;
			productName = TodoTests;
			productReference = EBE6148F29A100350069CB50 /* TodoTests.xctest */;
			productType = "com.apple.product-type.bundle.unit-test";
		};
		EBE6149829A100350069CB50 /* TodoUITests */ = {
			isa = PBXNativeTarget;
			buildConfigurationList = EBE614A929A100350069CB50 /* Build configuration list for PBXNativeTarget "TodoUITests" */;
			buildPhases = (
				EBE6149529A100350069CB50 /* Sources */,
				EBE6149629A100350069CB50 /* Frameworks */,
				EBE6149729A100350069CB50 /* Resources */,
			);
			buildRules = (
			);
			dependencies = (
				EBE6149B29A100350069CB50 /* PBXTargetDependency */,
			);
			name = TodoUITests;
			productName = TodoUITests;
			productReference = EBE6149929A100350069CB50 /* TodoUITests.xctest */;
			productType = "com.apple.product-type.bundle.ui-testing";
		};
/* End PBXNativeTarget section */

/* Begin PBXProject section */
		EBE6147729A100320069CB50 /* Project object */ = {
			isa = PBXProject;
			attributes = {
				BuildIndependentTargetsInParallel = 1;
				LastSwiftUpdateCheck = 1420;
				LastUpgradeCheck = 1420;
				TargetAttributes = {
					EBE6147E29A100320069CB50 = {
						CreatedOnToolsVersion = 14.2;
					};
					EBE6148E29A100350069CB50 = {
						CreatedOnToolsVersion = 14.2;
						TestTargetID = EBE6147E29A100320069CB50;
					};
					EBE6149829A100350069CB50 = {
						CreatedOnToolsVersion = 14.2;
						TestTargetID = EBE6147E29A100320069CB50;
					};
				};
			};
			buildConfigurationList = EBE6147A29A100320069CB50 /* Build configuration list for PBXProject "Todo" */;
			compatibilityVersion = "Xcode 14.0";
			developmentRegion = en;
			hasScannedForEncodings = 0;
			knownRegions = (
				en,
				Base,
			);
			mainGroup = EBE6147629A100320069CB50;
			productRefGroup = EBE6148029A100320069CB50 /* Products */;
			projectDirPath = "";
			projectRoot = "";
			targets = (
				EBE6147E29A100320069CB50 /* Todo */,
				EBE6148E29A100350069CB50 /* TodoTests */,
				EBE6149829A100350069CB50 /* TodoUITests */,
			);
		};
/* End PBXProject section */

/* Begin PBXResourcesBuildPhase section */
		EBE6147D29A100320069CB50 /* Resources */ = {
			isa = PBXResourcesBuildPhase;
			buildActionMask = 2147483647;
			files = (
				EBE6148A29A100340069CB50 /* Preview Assets.xcassets in Resources */,
				EBE6148729A100340069CB50 /* Assets.xcassets in Resources */,
			);
			runOnlyForDeploymentPostprocessing = 0;
		};
		EBE6148D29A100350069CB50 /* Resources */ = {
			isa = PBXResourcesBuildPhase;
			buildActionMask = 2147483647;
			files = (
			);
			runOnlyForDeploymentPostprocessing = 0;
		};
		EBE6149729A100350069CB50 /* Resources */ = {
			isa = PBXResourcesBuildPhase;
			buildActionMask = 2147483647;
			files = (
			);
			runOnlyForDeploymentPostprocessing = 0;
		};
/* End PBXResourcesBuildPhase section */

/* Begin PBXSourcesBuildPhase section */
		EBE6147B29A100320069CB50 /* Sources */ = {
			isa = PBXSourcesBuildPhase;
			buildActionMask = 2147483647;
			files = (
				EBE614B629A1024E0069CB50 /* ToDoViewModel.swift in Sources */,
				EBE614B429A100DF0069CB50 /* ListView.swift in Sources */,
				EBC1F9C729A2529200883D68 /* AddView.swift in Sources */,
				EBE614B029A100730069CB50 /* Task.swift in Sources */,
				EBE614B229A100D40069CB50 /* MainView.swift in Sources */,
				EBE6148329A100320069CB50 /* TodoApp.swift in Sources */,
			);
			runOnlyForDeploymentPostprocessing = 0;
		};
		EBE6148B29A100350069CB50 /* Sources */ = {
			isa = PBXSourcesBuildPhase;
			buildActionMask = 2147483647;
			files = (
				EBE6149429A100350069CB50 /* TodoTests.swift in Sources */,
			);
			runOnlyForDeploymentPostprocessing = 0;
		};
		EBE6149529A100350069CB50 /* Sources */ = {
			isa = PBXSourcesBuildPhase;
			buildActionMask = 2147483647;
			files = (
				EBE614A029A100350069CB50 /* TodoUITestsLaunchTests.swift in Sources */,
				EBE6149E29A100350069CB50 /* TodoUITests.swift in Sources */,
			);
			runOnlyForDeploymentPostprocessing = 0;
		};
/* End PBXSourcesBuildPhase section */

/* Begin PBXTargetDependency section */
		EBE6149129A100350069CB50 /* PBXTargetDependency */ = {
			isa = PBXTargetDependency;
			target = EBE6147E29A100320069CB50 /* Todo */;
			targetProxy = EBE6149029A100350069CB50 /* PBXContainerItemProxy */;
		};
		EBE6149B29A100350069CB50 /* PBXTargetDependency */ = {
			isa = PBXTargetDependency;
			target = EBE6147E29A100320069CB50 /* Todo */;
			targetProxy = EBE6149A29A100350069CB50 /* PBXContainerItemProxy */;
		};
/* End PBXTargetDependency section */

/* Begin XCBuildConfiguration section */
		EBE614A129A100350069CB50 /* Debug */ = {
			isa = XCBuildConfiguration;
			buildSettings = {
				ALWAYS_SEARCH_USER_PATHS = NO;
				CLANG_ANALYZER_NONNULL = YES;
				CLANG_ANALYZER_NUMBER_OBJECT_CONVERSION = YES_AGGRESSIVE;
				CLANG_CXX_LANGUAGE_STANDARD = "gnu++20";
				CLANG_ENABLE_MODULES = YES;
				CLANG_ENABLE_OBJC_ARC = YES;
				CLANG_ENABLE_OBJC_WEAK = YES;
				CLANG_WARN_BLOCK_CAPTURE_AUTORELEASING = YES;
				CLANG_WARN_BOOL_CONVERSION = YES;
				CLANG_WARN_COMMA = YES;
				CLANG_WARN_CONSTANT_CONVERSION = YES;
				CLANG_WARN_DEPRECATED_OBJC_IMPLEMENTATIONS = YES;
				CLANG_WARN_DIRECT_OBJC_ISA_USAGE = YES_ERROR;
				CLANG_WARN_DOCUMENTATION_COMMENTS = YES;
				CLANG_WARN_EMPTY_BODY = YES;
				CLANG_WARN_ENUM_CONVERSION = YES;
				CLANG_WARN_INFINITE_RECURSION = YES;
				CLANG_WARN_INT_CONVERSION = YES;
				CLANG_WARN_NON_LITERAL_NULL_CONVERSION = YES;
				CLANG_WARN_OBJC_IMPLICIT_RETAIN_SELF = YES;
				CLANG_WARN_OBJC_LITERAL_CONVERSION = YES;
				CLANG_WARN_OBJC_ROOT_CLASS = YES_ERROR;
				CLANG_WARN_QUOTED_INCLUDE_IN_FRAMEWORK_HEADER = YES;
				CLANG_WARN_RANGE_LOOP_ANALYSIS = YES;
				CLANG_WARN_STRICT_PROTOTYPES = YES;
				CLANG_WARN_SUSPICIOUS_MOVE = YES;
				CLANG_WARN_UNGUARDED_AVAILABILITY = YES_AGGRESSIVE;
				CLANG_WARN_UNREACHABLE_CODE = YES;
				CLANG_WARN__DUPLICATE_METHOD_MATCH = YES;
				COPY_PHASE_STRIP = NO;
				DEBUG_INFORMATION_FORMAT = dwarf;
				ENABLE_STRICT_OBJC_MSGSEND = YES;
				ENABLE_TESTABILITY = YES;
				GCC_C_LANGUAGE_STANDARD = gnu11;
				GCC_DYNAMIC_NO_PIC = NO;
				GCC_NO_COMMON_BLOCKS = YES;
				GCC_OPTIMIZATION_LEVEL = 0;
				GCC_PREPROCESSOR_DEFINITIONS = (
					"DEBUG=1",
					"$(inherited)",
				);
				GCC_WARN_64_TO_32_BIT_CONVERSION = YES;
				GCC_WARN_ABOUT_RETURN_TYPE = YES_ERROR;
				GCC_WARN_UNDECLARED_SELECTOR = YES;
				GCC_WARN_UNINITIALIZED_AUTOS = YES_AGGRESSIVE;
				GCC_WARN_UNUSED_FUNCTION = YES;
				GCC_WARN_UNUSED_VARIABLE = YES;
				IPHONEOS_DEPLOYMENT_TARGET = 16.2;
				MTL_ENABLE_DEBUG_INFO = INCLUDE_SOURCE;
				MTL_FAST_MATH = YES;
				ONLY_ACTIVE_ARCH = YES;
				SDKROOT = iphoneos;
				SWIFT_ACTIVE_COMPILATION_CONDITIONS = DEBUG;
				SWIFT_OPTIMIZATION_LEVEL = "-Onone";
			};
			name = Debug;
		};
		EBE614A229A100350069CB50 /* Release */ = {
			isa = XCBuildConfiguration;
			buildSettings = {
				ALWAYS_SEARCH_USER_PATHS = NO;
				CLANG_ANALYZER_NONNULL = YES;
				CLANG_ANALYZER_NUMBER_OBJECT_CONVERSION = YES_AGGRESSIVE;
				CLANG_CXX_LANGUAGE_STANDARD = "gnu++20";
				CLANG_ENABLE_MODULES = YES;
				CLANG_ENABLE_OBJC_ARC = YES;
				CLANG_ENABLE_OBJC_WEAK = YES;
				CLANG_WARN_BLOCK_CAPTURE_AUTORELEASING = YES;
				CLANG_WARN_BOOL_CONVERSION = YES;
				CLANG_WARN_COMMA = YES;
				CLANG_WARN_CONSTANT_CONVERSION = YES;
				CLANG_WARN_DEPRECATED_OBJC_IMPLEMENTATIONS = YES;
				CLANG_WARN_DIRECT_OBJC_ISA_USAGE = YES_ERROR;
				CLANG_WARN_DOCUMENTATION_COMMENTS = YES;
				CLANG_WARN_EMPTY_BODY = YES;
				CLANG_WARN_ENUM_CONVERSION = YES;
				CLANG_WARN_INFINITE_RECURSION = YES;
				CLANG_WARN_INT_CONVERSION = YES;
				CLANG_WARN_NON_LITERAL_NULL_CONVERSION = YES;
				CLANG_WARN_OBJC_IMPLICIT_RETAIN_SELF = YES;
				CLANG_WARN_OBJC_LITERAL_CONVERSION = YES;
				CLANG_WARN_OBJC_ROOT_CLASS = YES_ERROR;
				CLANG_WARN_QUOTED_INCLUDE_IN_FRAMEWORK_HEADER = YES;
				CLANG_WARN_RANGE_LOOP_ANALYSIS = YES;
				CLANG_WARN_STRICT_PROTOTYPES = YES;
				CLANG_WARN_SUSPICIOUS_MOVE = YES;
				CLANG_WARN_UNGUARDED_AVAILABILITY = YES_AGGRESSIVE;
				CLANG_WARN_UNREACHABLE_CODE = YES;
				CLANG_WARN__DUPLICATE_METHOD_MATCH = YES;
				COPY_PHASE_STRIP = NO;
				DEBUG_INFORMATION_FORMAT = "dwarf-with-dsym";
				ENABLE_NS_ASSERTIONS = NO;
				ENABLE_STRICT_OBJC_MSGSEND = YES;
				GCC_C_LANGUAGE_STANDARD = gnu11;
				GCC_NO_COMMON_BLOCKS = YES;
				GCC_WARN_64_TO_32_BIT_CONVERSION = YES;
				GCC_WARN_ABOUT_RETURN_TYPE = YES_ERROR;
				GCC_WARN_UNDECLARED_SELECTOR = YES;
				GCC_WARN_UNINITIALIZED_AUTOS = YES_AGGRESSIVE;
				GCC_WARN_UNUSED_FUNCTION = YES;
				GCC_WARN_UNUSED_VARIABLE = YES;
				IPHONEOS_DEPLOYMENT_TARGET = 16.2;
				MTL_ENABLE_DEBUG_INFO = NO;
				MTL_FAST_MATH = YES;
				SDKROOT = iphoneos;
				SWIFT_COMPILATION_MODE = wholemodule;
				SWIFT_OPTIMIZATION_LEVEL = "-O";
				VALIDATE_PRODUCT = YES;
			};
			name = Release;
		};
		EBE614A429A100350069CB50 /* Debug */ = {
			isa = XCBuildConfiguration;
			buildSettings = {
				ASSETCATALOG_COMPILER_APPICON_NAME = AppIcon;
				ASSETCATALOG_COMPILER_GLOBAL_ACCENT_COLOR_NAME = AccentColor;
				CODE_SIGN_STYLE = Automatic;
				CURRENT_PROJECT_VERSION = 1;
				DEVELOPMENT_ASSET_PATHS = "\"Todo/Preview Content\"";
				ENABLE_PREVIEWS = YES;
				GENERATE_INFOPLIST_FILE = YES;
				INFOPLIST_KEY_UIApplicationSceneManifest_Generation = YES;
				INFOPLIST_KEY_UIApplicationSupportsIndirectInputEvents = YES;
				INFOPLIST_KEY_UILaunchScreen_Generation = YES;
				INFOPLIST_KEY_UISupportedInterfaceOrientations_iPad = "UIInterfaceOrientationPortrait UIInterfaceOrientationPortraitUpsideDown UIInterfaceOrientationLandscapeLeft UIInterfaceOrientationLandscapeRight";
				INFOPLIST_KEY_UISupportedInterfaceOrientations_iPhone = "UIInterfaceOrientationPortrait UIInterfaceOrientationLandscapeLeft UIInterfaceOrientationLandscapeRight";
				LD_RUNPATH_SEARCH_PATHS = (
					"$(inherited)",
					"@executable_path/Frameworks",
				);
				MARKETING_VERSION = 1.0;
				PRODUCT_BUNDLE_IDENTIFIER = com.suraj.Todo;
				PRODUCT_NAME = "$(TARGET_NAME)";
				SWIFT_EMIT_LOC_STRINGS = YES;
				SWIFT_VERSION = 5.0;
				TARGETED_DEVICE_FAMILY = "1,2";
			};
			name = Debug;
		};
		EBE614A529A100350069CB50 /* Release */ = {
			isa = XCBuildConfiguration;
			buildSettings = {
				ASSETCATALOG_COMPILER_APPICON_NAME = AppIcon;
				ASSETCATALOG_COMPILER_GLOBAL_ACCENT_COLOR_NAME = AccentColor;
				CODE_SIGN_STYLE = Automatic;
				CURRENT_PROJECT_VERSION = 1;
				DEVELOPMENT_ASSET_PATHS = "\"Todo/Preview Content\"";
				ENABLE_PREVIEWS = YES;
				GENERATE_INFOPLIST_FILE = YES;
				INFOPLIST_KEY_UIApplicationSceneManifest_Generation = YES;
				INFOPLIST_KEY_UIApplicationSupportsIndirectInputEvents = YES;
				INFOPLIST_KEY_UILaunchScreen_Generation = YES;
				INFOPLIST_KEY_UISupportedInterfaceOrientations_iPad = "UIInterfaceOrientationPortrait UIInterfaceOrientationPortraitUpsideDown UIInterfaceOrientationLandscapeLeft UIInterfaceOrientationLandscapeRight";
				INFOPLIST_KEY_UISupportedInterfaceOrientations_iPhone = "UIInterfaceOrientationPortrait UIInterfaceOrientationLandscapeLeft UIInterfaceOrientationLandscapeRight";
				LD_RUNPATH_SEARCH_PATHS = (
					"$(inherited)",
					"@executable_path/Frameworks",
				);
				MARKETING_VERSION = 1.0;
				PRODUCT_BUNDLE_IDENTIFIER = com.suraj.Todo;
				PRODUCT_NAME = "$(TARGET_NAME)";
				SWIFT_EMIT_LOC_STRINGS = YES;
				SWIFT_VERSION = 5.0;
				TARGETED_DEVICE_FAMILY = "1,2";
			};
			name = Release;
		};
		EBE614A729A100350069CB50 /* Debug */ = {
			isa = XCBuildConfiguration;
			buildSettings = {
				ALWAYS_EMBED_SWIFT_STANDARD_LIBRARIES = YES;
				BUNDLE_LOADER = "$(TEST_HOST)";
				CODE_SIGN_STYLE = Automatic;
				CURRENT_PROJECT_VERSION = 1;
				GENERATE_INFOPLIST_FILE = YES;
				IPHONEOS_DEPLOYMENT_TARGET = 16.2;
				MARKETING_VERSION = 1.0;
				PRODUCT_BUNDLE_IDENTIFIER = com.suraj.TodoTests;
				PRODUCT_NAME = "$(TARGET_NAME)";
				SWIFT_EMIT_LOC_STRINGS = NO;
				SWIFT_VERSION = 5.0;
				TARGETED_DEVICE_FAMILY = "1,2";
				TEST_HOST = "$(BUILT_PRODUCTS_DIR)/Todo.app/$(BUNDLE_EXECUTABLE_FOLDER_PATH)/Todo";
			};
			name = Debug;
		};
		EBE614A829A100350069CB50 /* Release */ = {
			isa = XCBuildConfiguration;
			buildSettings = {
				ALWAYS_EMBED_SWIFT_STANDARD_LIBRARIES = YES;
				BUNDLE_LOADER = "$(TEST_HOST)";
				CODE_SIGN_STYLE = Automatic;
				CURRENT_PROJECT_VERSION = 1;
				GENERATE_INFOPLIST_FILE = YES;
				IPHONEOS_DEPLOYMENT_TARGET = 16.2;
				MARKETING_VERSION = 1.0;
				PRODUCT_BUNDLE_IDENTIFIER = com.suraj.TodoTests;
				PRODUCT_NAME = "$(TARGET_NAME)";
				SWIFT_EMIT_LOC_STRINGS = NO;
				SWIFT_VERSION = 5.0;
				TARGETED_DEVICE_FAMILY = "1,2";
				TEST_HOST = "$(BUILT_PRODUCTS_DIR)/Todo.app/$(BUNDLE_EXECUTABLE_FOLDER_PATH)/Todo";
			};
			name = Release;
		};
		EBE614AA29A100350069CB50 /* Debug */ = {
			isa = XCBuildConfiguration;
			buildSettings = {
				ALWAYS_EMBED_SWIFT_STANDARD_LIBRARIES = YES;
				CODE_SIGN_STYLE = Automatic;
				CURRENT_PROJECT_VERSION = 1;
				GENERATE_INFOPLIST_FILE = YES;
				MARKETING_VERSION = 1.0;
				PRODUCT_BUNDLE_IDENTIFIER = com.suraj.TodoUITests;
				PRODUCT_NAME = "$(TARGET_NAME)";
				SWIFT_EMIT_LOC_STRINGS = NO;
				SWIFT_VERSION = 5.0;
				TARGETED_DEVICE_FAMILY = "1,2";
				TEST_TARGET_NAME = Todo;
			};
			name = Debug;
		};
		EBE614AB29A100350069CB50 /* Release */ = {
			isa = XCBuildConfiguration;
			buildSettings = {
				ALWAYS_EMBED_SWIFT_STANDARD_LIBRARIES = YES;
				CODE_SIGN_STYLE = Automatic;
				CURRENT_PROJECT_VERSION = 1;
				GENERATE_INFOPLIST_FILE = YES;
				MARKETING_VERSION = 1.0;
				PRODUCT_BUNDLE_IDENTIFIER = com.suraj.TodoUITests;
				PRODUCT_NAME = "$(TARGET_NAME)";
				SWIFT_EMIT_LOC_STRINGS = NO;
				SWIFT_VERSION = 5.0;
				TARGETED_DEVICE_FAMILY = "1,2";
				TEST_TARGET_NAME = Todo;
			};
			name = Release;
		};
/* End XCBuildConfiguration section */

/* Begin XCConfigurationList section */
		EBE6147A29A100320069CB50 /* Build configuration list for PBXProject "Todo" */ = {
			isa = XCConfigurationList;
			buildConfigurations = (
				EBE614A129A100350069CB50 /* Debug */,
				EBE614A229A100350069CB50 /* Release */,
			);
			defaultConfigurationIsVisible = 0;
			defaultConfigurationName = Release;
		};
		EBE614A329A100350069CB50 /* Build configuration list for PBXNativeTarget "Todo" */ = {
			isa = XCConfigurationList;
			buildConfigurations = (
				EBE614A429A100350069CB50 /* Debug */,
				EBE614A529A100350069CB50 /* Release */,
			);
			defaultConfigurationIsVisible = 0;
			defaultConfigurationName = Release;
		};
		EBE614A629A100350069CB50 /* Build configuration list for PBXNativeTarget "TodoTests" */ = {
			isa = XCConfigurationList;
			buildConfigurations = (
				EBE614A729A100350069CB50 /* Debug */,
				EBE614A829A100350069CB50 /* Release */,
			);
			defaultConfigurationIsVisible = 0;
			defaultConfigurationName = Release;
		};
		EBE614A929A100350069CB50 /* Build configuration list for PBXNativeTarget "TodoUITests" */ = {
			isa = XCConfigurationList;
			buildConfigurations = (
				EBE614AA29A100350069CB50 /* Debug */,
				EBE614AB29A100350069CB50 /* Release */,
			);
			defaultConfigurationIsVisible = 0;
			defaultConfigurationName = Release;
		};
/* End XCConfigurationList section */
	};
	rootObject = EBE6147729A100320069CB50 /* Project object */;
}
